
Microsoft Visual Studio Solution File, Format Version 12.00
# Visual Studio 2013
VisualStudioVersion = 12.0.31101.0
MinimumVisualStudioVersion = 10.0.40219.1
Project("{FAE04EC0-301F-11D3-BF4B-00C04F79EFBC}") = "TEX.Web", "TEX.Web\TEX.Web.csproj", "{13D3C48C-B60D-41B0-92DD-D8D9AD9AEB65}"
EndProject
Project("{FAE04EC0-301F-11D3-BF4B-00C04F79EFBC}") = "TEX.Web.Tests", "TEX.Web.Tests\TEX.Web.Tests.csproj", "{B73F4EBA-BD22-4176-B548-C3210E499934}"
EndProject
Project("{2150E333-8FDC-42A3-9474-1A3956D46DE8}") = "Repository", "Repository", "{A4EEB69C-93D0-4FCD-9282-D6F9F61B9BD5}"
EndProject
Project("{FAE04EC0-301F-11D3-BF4B-00C04F79EFBC}") = "TEX.Repository.Base", "TEX.Repository.Base\TEX.Repository.Base.csproj", "{3A11E2FD-1796-4834-835F-65BC096577A7}"
EndProject
Project("{FAE04EC0-301F-11D3-BF4B-00C04F79EFBC}") = "TEX.Repository.SQL", "TEX.Repository.SQL\TEX.Repository.SQL.csproj", "{08309CE8-9209-4D9D-AA2A-9F9C51DD3BC5}"
EndProject
Project("{2150E333-8FDC-42A3-9474-1A3956D46DE8}") = "Test", "Test", "{B799AB38-1AEE-4568-A95A-FB013398D808}"
EndProject
Project("{2150E333-8FDC-42A3-9474-1A3956D46DE8}") = "Domain", "Domain", "{B985A709-6730-4AAF-9825-4700FD4F405B}"
EndProject
Project("{FAE04EC0-301F-11D3-BF4B-00C04F79EFBC}") = "TEX.Domain", "TEX.Domain\TEX.Domain.csproj", "{A5291C68-7749-47FA-AC5A-966C1A3040DD}"
EndProject
Project("{2150E333-8FDC-42A3-9474-1A3956D46DE8}") = "Service", "Service", "{9DCCE740-604D-4086-AB75-3D53DCBC4475}"
EndProject
Project("{FAE04EC0-301F-11D3-BF4B-00C04F79EFBC}") = "TEX.Service", "TEX.Service\TEX.Service.csproj", "{0B56679E-AE50-4F91-AACF-7B7E7A0D6646}"
EndProject
Project("{FAE04EC0-301F-11D3-BF4B-00C04F79EFBC}") = "TEX.Service.Contract", "TEX.Service.Contract\TEX.Service.Contract.csproj", "{491811AF-229B-4992-A4DA-05F232940194}"
EndProject
Project("{2150E333-8FDC-42A3-9474-1A3956D46DE8}") = "Infra", "Infra", "{70763A91-C907-41F9-B2D8-302A659DF2AE}"
EndProject
Project("{FAE04EC0-301F-11D3-BF4B-00C04F79EFBC}") = "TEX.Infra.Common", "TEX.Infra.Common\TEX.Infra.Common.csproj", "{89C149DD-9916-4B07-BF02-AD061D39AC4A}"
EndProject
Project("{FAE04EC0-301F-11D3-BF4B-00C04F79EFBC}") = "TEX.Infra.Common.Web", "TEX.Infra.Common.Web\TEX.Infra.Common.Web.csproj", "{3B9DCDCA-3DFB-4945-9074-78C595FA38DC}"
EndProject
Global
	GlobalSection(SolutionConfigurationPlatforms) = preSolution
		Debug|Any CPU = Debug|Any CPU
		Release|Any CPU = Release|Any CPU
	EndGlobalSection
	GlobalSection(ProjectConfigurationPlatforms) = postSolution
		{13D3C48C-B60D-41B0-92DD-D8D9AD9AEB65}.Debug|Any CPU.ActiveCfg = Debug|Any CPU
		{13D3C48C-B60D-41B0-92DD-D8D9AD9AEB65}.Debug|Any CPU.Build.0 = Debug|Any CPU
		{13D3C48C-B60D-41B0-92DD-D8D9AD9AEB65}.Release|Any CPU.ActiveCfg = Release|Any CPU
		{13D3C48C-B60D-41B0-92DD-D8D9AD9AEB65}.Release|Any CPU.Build.0 = Release|Any CPU
		{B73F4EBA-BD22-4176-B548-C3210E499934}.Debug|Any CPU.ActiveCfg = Debug|Any CPU
		{B73F4EBA-BD22-4176-B548-C3210E499934}.Debug|Any CPU.Build.0 = Debug|Any CPU
		{B73F4EBA-BD22-4176-B548-C3210E499934}.Release|Any CPU.ActiveCfg = Release|Any CPU
		{B73F4EBA-BD22-4176-B548-C3210E499934}.Release|Any CPU.Build.0 = Release|Any CPU
		{3A11E2FD-1796-4834-835F-65BC096577A7}.Debug|Any CPU.ActiveCfg = Debug|Any CPU
		{3A11E2FD-1796-4834-835F-65BC096577A7}.Debug|Any CPU.Build.0 = Debug|Any CPU
		{3A11E2FD-1796-4834-835F-65BC096577A7}.Release|Any CPU.ActiveCfg = Release|Any CPU
		{3A11E2FD-1796-4834-835F-65BC096577A7}.Release|Any CPU.Build.0 = Release|Any CPU
		{08309CE8-9209-4D9D-AA2A-9F9C51DD3BC5}.Debug|Any CPU.ActiveCfg = Debug|Any CPU
		{08309CE8-9209-4D9D-AA2A-9F9C51DD3BC5}.Debug|Any CPU.Build.0 = Debug|Any CPU
		{08309CE8-9209-4D9D-AA2A-9F9C51DD3BC5}.Release|Any CPU.ActiveCfg = Release|Any CPU
		{08309CE8-9209-4D9D-AA2A-9F9C51DD3BC5}.Release|Any CPU.Build.0 = Release|Any CPU
		{A5291C68-7749-47FA-AC5A-966C1A3040DD}.Debug|Any CPU.ActiveCfg = Debug|Any CPU
		{A5291C68-7749-47FA-AC5A-966C1A3040DD}.Debug|Any CPU.Build.0 = Debug|Any CPU
		{A5291C68-7749-47FA-AC5A-966C1A3040DD}.Release|Any CPU.ActiveCfg = Release|Any CPU
		{A5291C68-7749-47FA-AC5A-966C1A3040DD}.Release|Any CPU.Build.0 = Release|Any CPU
		{0B56679E-AE50-4F91-AACF-7B7E7A0D6646}.Debug|Any CPU.ActiveCfg = Debug|Any CPU
		{0B56679E-AE50-4F91-AACF-7B7E7A0D6646}.Debug|Any CPU.Build.0 = Debug|Any CPU
		{0B56679E-AE50-4F91-AACF-7B7E7A0D6646}.Release|Any CPU.ActiveCfg = Release|Any CPU
		{0B56679E-AE50-4F91-AACF-7B7E7A0D6646}.Release|Any CPU.Build.0 = Release|Any CPU
		{491811AF-229B-4992-A4DA-05F232940194}.Debug|Any CPU.ActiveCfg = Debug|Any CPU
		{491811AF-229B-4992-A4DA-05F232940194}.Debug|Any CPU.Build.0 = Debug|Any CPU
		{491811AF-229B-4992-A4DA-05F232940194}.Release|Any CPU.ActiveCfg = Release|Any CPU
		{491811AF-229B-4992-A4DA-05F232940194}.Release|Any CPU.Build.0 = Release|Any CPU
		{89C149DD-9916-4B07-BF02-AD061D39AC4A}.Debug|Any CPU.ActiveCfg = Debug|Any CPU
		{89C149DD-9916-4B07-BF02-AD061D39AC4A}.Debug|Any CPU.Build.0 = Debug|Any CPU
		{89C149DD-9916-4B07-BF02-AD061D39AC4A}.Release|Any CPU.ActiveCfg = Release|Any CPU
		{89C149DD-9916-4B07-BF02-AD061D39AC4A}.Release|Any CPU.Build.0 = Release|Any CPU
		{3B9DCDCA-3DFB-4945-9074-78C595FA38DC}.Debug|Any CPU.ActiveCfg = Debug|Any CPU
		{3B9DCDCA-3DFB-4945-9074-78C595FA38DC}.Debug|Any CPU.Build.0 = Debug|Any CPU
		{3B9DCDCA-3DFB-4945-9074-78C595FA38DC}.Release|Any CPU.ActiveCfg = Release|Any CPU
		{3B9DCDCA-3DFB-4945-9074-78C595FA38DC}.Release|Any CPU.Build.0 = Release|Any CPU
	EndGlobalSection
	GlobalSection(SolutionProperties) = preSolution
		HideSolutionNode = FALSE
	EndGlobalSection
	GlobalSection(NestedProjects) = preSolution
		{B73F4EBA-BD22-4176-B548-C3210E499934} = {B799AB38-1AEE-4568-A95A-FB013398D808}
		{3A11E2FD-1796-4834-835F-65BC096577A7} = {A4EEB69C-93D0-4FCD-9282-D6F9F61B9BD5}
		{08309CE8-9209-4D9D-AA2A-9F9C51DD3BC5} = {A4EEB69C-93D0-4FCD-9282-D6F9F61B9BD5}
		{A5291C68-7749-47FA-AC5A-966C1A3040DD} = {B985A709-6730-4AAF-9825-4700FD4F405B}
		{0B56679E-AE50-4F91-AACF-7B7E7A0D6646} = {9DCCE740-604D-4086-AB75-3D53DCBC4475}
		{491811AF-229B-4992-A4DA-05F232940194} = {9DCCE740-604D-4086-AB75-3D53DCBC4475}
		{89C149DD-9916-4B07-BF02-AD061D39AC4A} = {70763A91-C907-41F9-B2D8-302A659DF2AE}
		{3B9DCDCA-3DFB-4945-9074-78C595FA38DC} = {70763A91-C907-41F9-B2D8-302A659DF2AE}
	EndGlobalSection
EndGlobal
